
Microsoft Visual Studio Solution File, Format Version 12.00
# Visual Studio Version 17
VisualStudioVersion = 17.9.34728.123
MinimumVisualStudioVersion = 10.0.40219.1
Project("{9A19103F-16F7-4668-BE54-9A1E7A4F7556}") = "Backend", "Backend\Backend.csproj", "{68F1DF6A-4877-4F7C-A456-565A5A38B697}"
EndProject
Project("{FAE04EC0-301F-11D3-BF4B-00C04F79EFBC}") = "Interfaces", "Interfaces\Interfaces.csproj", "{897F00BC-F5E7-42A0-B7C4-90A936AEBA77}"
EndProject
Project("{FAE04EC0-301F-11D3-BF4B-00C04F79EFBC}") = "Models", "Models\Models.csproj", "{EA59BB5A-9FB4-4937-88D8-8B107CA177E1}"
EndProject
Project("{FAE04EC0-301F-11D3-BF4B-00C04F79EFBC}") = "Repository", "Repository\Repository.csproj", "{6DF1E643-8C99-48A8-9FA6-DFABD32D3CDD}"
EndProject
Project("{FAE04EC0-301F-11D3-BF4B-00C04F79EFBC}") = "Dto", "Dto\Dto.csproj", "{A6ED5D0F-855A-4F95-A149-39E1A096AC4D}"
EndProject
Global
	GlobalSection(SolutionConfigurationPlatforms) = preSolution
		Debug|Any CPU = Debug|Any CPU
		Release|Any CPU = Release|Any CPU
	EndGlobalSection
	GlobalSection(ProjectConfigurationPlatforms) = postSolution
		{68F1DF6A-4877-4F7C-A456-565A5A38B697}.Debug|Any CPU.ActiveCfg = Debug|Any CPU
		{68F1DF6A-4877-4F7C-A456-565A5A38B697}.Debug|Any CPU.Build.0 = Debug|Any CPU
		{68F1DF6A-4877-4F7C-A456-565A5A38B697}.Release|Any CPU.ActiveCfg = Release|Any CPU
		{68F1DF6A-4877-4F7C-A456-565A5A38B697}.Release|Any CPU.Build.0 = Release|Any CPU
		{897F00BC-F5E7-42A0-B7C4-90A936AEBA77}.Debug|Any CPU.ActiveCfg = Debug|Any CPU
		{897F00BC-F5E7-42A0-B7C4-90A936AEBA77}.Debug|Any CPU.Build.0 = Debug|Any CPU
		{897F00BC-F5E7-42A0-B7C4-90A936AEBA77}.Release|Any CPU.ActiveCfg = Release|Any CPU
		{897F00BC-F5E7-42A0-B7C4-90A936AEBA77}.Release|Any CPU.Build.0 = Release|Any CPU
		{EA59BB5A-9FB4-4937-88D8-8B107CA177E1}.Debug|Any CPU.ActiveCfg = Debug|Any CPU
		{EA59BB5A-9FB4-4937-88D8-8B107CA177E1}.Debug|Any CPU.Build.0 = Debug|Any CPU
		{EA59BB5A-9FB4-4937-88D8-8B107CA177E1}.Release|Any CPU.ActiveCfg = Release|Any CPU
		{EA59BB5A-9FB4-4937-88D8-8B107CA177E1}.Release|Any CPU.Build.0 = Release|Any CPU
		{6DF1E643-8C99-48A8-9FA6-DFABD32D3CDD}.Debug|Any CPU.ActiveCfg = Debug|Any CPU
		{6DF1E643-8C99-48A8-9FA6-DFABD32D3CDD}.Debug|Any CPU.Build.0 = Debug|Any CPU
		{6DF1E643-8C99-48A8-9FA6-DFABD32D3CDD}.Release|Any CPU.ActiveCfg = Release|Any CPU
		{6DF1E643-8C99-48A8-9FA6-DFABD32D3CDD}.Release|Any CPU.Build.0 = Release|Any CPU
		{A6ED5D0F-855A-4F95-A149-39E1A096AC4D}.Debug|Any CPU.ActiveCfg = Debug|Any CPU
		{A6ED5D0F-855A-4F95-A149-39E1A096AC4D}.Debug|Any CPU.Build.0 = Debug|Any CPU
		{A6ED5D0F-855A-4F95-A149-39E1A096AC4D}.Release|Any CPU.ActiveCfg = Release|Any CPU
		{A6ED5D0F-855A-4F95-A149-39E1A096AC4D}.Release|Any CPU.Build.0 = Release|Any CPU
	EndGlobalSection
	GlobalSection(SolutionProperties) = preSolution
		HideSolutionNode = FALSE
	EndGlobalSection
	GlobalSection(ExtensibilityGlobals) = postSolution
		SolutionGuid = {10D4B932-31B5-4BBC-BCCE-7BA41F5BD5C0}
	EndGlobalSection
EndGlobal
