
Microsoft Visual Studio Solution File, Format Version 12.00
# Visual Studio Version 17
VisualStudioVersion = 17.9.34728.123
MinimumVisualStudioVersion = 10.0.40219.1
Project("{FAE04EC0-301F-11D3-BF4B-00C04F79EFBC}") = "Backend", "Backend\Backend.csproj", "{68F1DF6A-4877-4F7C-A456-565A5A38B697}"
EndProject
Global
	GlobalSection(SolutionConfigurationPlatforms) = preSolution
		Debug|Any CPU = Debug|Any CPU
		Release|Any CPU = Release|Any CPU
	EndGlobalSection
	GlobalSection(ProjectConfigurationPlatforms) = postSolution
		{68F1DF6A-4877-4F7C-A456-565A5A38B697}.Debug|Any CPU.ActiveCfg = Debug|Any CPU
		{68F1DF6A-4877-4F7C-A456-565A5A38B697}.Debug|Any CPU.Build.0 = Debug|Any CPU
		{68F1DF6A-4877-4F7C-A456-565A5A38B697}.Release|Any CPU.ActiveCfg = Release|Any CPU
		{68F1DF6A-4877-4F7C-A456-565A5A38B697}.Release|Any CPU.Build.0 = Release|Any CPU
	EndGlobalSection
	GlobalSection(SolutionProperties) = preSolution
		HideSolutionNode = FALSE
	EndGlobalSection
	GlobalSection(ExtensibilityGlobals) = postSolution
		SolutionGuid = {10D4B932-31B5-4BBC-BCCE-7BA41F5BD5C0}
	EndGlobalSection
EndGlobal
